
Microsoft Visual Studio Solution File, Format Version 12.00
# Visual Studio Version 17
VisualStudioVersion = 17.13.35828.75
MinimumVisualStudioVersion = 10.0.40219.1
Project("{FAE04EC0-301F-11D3-BF4B-00C04F79EFBC}") = "eStore", "eStore\eStore.csproj", "{7D09BDEE-B312-43FC-931F-C446DDE08738}"
EndProject
Project("{FAE04EC0-301F-11D3-BF4B-00C04F79EFBC}") = "DataAccess", "DataAccess\DataAccess.csproj", "{F05B0949-5159-4C42-991E-F6AB1B9A0590}"
EndProject
Project("{FAE04EC0-301F-11D3-BF4B-00C04F79EFBC}") = "BusinessObject", "BusinessObject\BusinessObject.csproj", "{5E51730A-EF64-4C59-BA90-76FA524D291A}"
EndProject
Project("{2150E333-8FDC-42A3-9474-1A3956D46DE8}") = "Solution Items", "Solution Items", "{02EA681E-C7D8-13C7-8484-4AC65E1B71E8}"
	ProjectSection(SolutionItems) = preProject
		.gitignore = .gitignore
		Assignment_03_eStoreManagement_Final.docx = Assignment_03_eStoreManagement_Final.docx
	EndProjectSection
EndProject
Global
	GlobalSection(SolutionConfigurationPlatforms) = preSolution
		Debug|Any CPU = Debug|Any CPU
		Release|Any CPU = Release|Any CPU
	EndGlobalSection
	GlobalSection(ProjectConfigurationPlatforms) = postSolution
		{7D09BDEE-B312-43FC-931F-C446DDE08738}.Debug|Any CPU.ActiveCfg = Debug|Any CPU
		{7D09BDEE-B312-43FC-931F-C446DDE08738}.Debug|Any CPU.Build.0 = Debug|Any CPU
		{7D09BDEE-B312-43FC-931F-C446DDE08738}.Release|Any CPU.ActiveCfg = Release|Any CPU
		{7D09BDEE-B312-43FC-931F-C446DDE08738}.Release|Any CPU.Build.0 = Release|Any CPU
		{F05B0949-5159-4C42-991E-F6AB1B9A0590}.Debug|Any CPU.ActiveCfg = Debug|Any CPU
		{F05B0949-5159-4C42-991E-F6AB1B9A0590}.Debug|Any CPU.Build.0 = Debug|Any CPU
		{F05B0949-5159-4C42-991E-F6AB1B9A0590}.Release|Any CPU.ActiveCfg = Release|Any CPU
		{F05B0949-5159-4C42-991E-F6AB1B9A0590}.Release|Any CPU.Build.0 = Release|Any CPU
		{5E51730A-EF64-4C59-BA90-76FA524D291A}.Debug|Any CPU.ActiveCfg = Debug|Any CPU
		{5E51730A-EF64-4C59-BA90-76FA524D291A}.Debug|Any CPU.Build.0 = Debug|Any CPU
		{5E51730A-EF64-4C59-BA90-76FA524D291A}.Release|Any CPU.ActiveCfg = Release|Any CPU
		{5E51730A-EF64-4C59-BA90-76FA524D291A}.Release|Any CPU.Build.0 = Release|Any CPU
	EndGlobalSection
	GlobalSection(SolutionProperties) = preSolution
		HideSolutionNode = FALSE
	EndGlobalSection
	GlobalSection(ExtensibilityGlobals) = postSolution
		SolutionGuid = {44CFE732-DD92-43E7-A816-AA1E604DF175}
	EndGlobalSection
EndGlobal
